
Microsoft Visual Studio Solution File, Format Version 12.00
# Visual Studio 15
Project("{FAE04EC0-301F-11D3-BF4B-00C04F79EFBC}") = "Oculus.Platform", "Oculus.Platform.csproj", "{809813EA-D3BC-4CFB-3DD4-570A0D4BDCBD}"
EndProject
Project("{FAE04EC0-301F-11D3-BF4B-00C04F79EFBC}") = "Assembly-CSharp", "Assembly-CSharp.csproj", "{6D26141F-9321-474B-0261-1C470F9E83A0}"
EndProject
Project("{FAE04EC0-301F-11D3-BF4B-00C04F79EFBC}") = "Oculus.Interaction", "Oculus.Interaction.csproj", "{522ADAA8-DE72-8B4C-AE8A-56EAD6EE2D26}"
EndProject
Project("{FAE04EC0-301F-11D3-BF4B-00C04F79EFBC}") = "Oculus.VR", "Oculus.VR.csproj", "{34AF9DFC-F6BC-3F0E-EA47-82A33F9CDE05}"
EndProject
Project("{FAE04EC0-301F-11D3-BF4B-00C04F79EFBC}") = "VoiceSDK.Dictation.Runtime", "VoiceSDK.Dictation.Runtime.csproj", "{413D7B8E-5C28-C050-756F-2798E8E0720E}"
EndProject
Project("{FAE04EC0-301F-11D3-BF4B-00C04F79EFBC}") = "VoiceSDK.Runtime", "VoiceSDK.Runtime.csproj", "{19103C65-314A-555E-DF99-19A9D82466A4}"
EndProject
Project("{FAE04EC0-301F-11D3-BF4B-00C04F79EFBC}") = "Meta.WitAi", "Meta.WitAi.csproj", "{DF285E6D-40AA-2D9A-62DF-44A0B383C886}"
EndProject
Project("{FAE04EC0-301F-11D3-BF4B-00C04F79EFBC}") = "Oculus.Interaction.OVR.Samples", "Oculus.Interaction.OVR.Samples.csproj", "{A1AFB470-71E4-5439-720F-F910DC06CFCA}"
EndProject
Project("{FAE04EC0-301F-11D3-BF4B-00C04F79EFBC}") = "Meta.WitAi.TTS.Samples", "Meta.WitAi.TTS.Samples.csproj", "{BDDE611B-5A5F-CDC4-80B4-7F30161FAD9F}"
EndProject
Project("{FAE04EC0-301F-11D3-BF4B-00C04F79EFBC}") = "Oculus.Voice.Demo", "Oculus.Voice.Demo.csproj", "{1BD6656B-02B1-2989-8C34-C6284A0E88D5}"
EndProject
Project("{FAE04EC0-301F-11D3-BF4B-00C04F79EFBC}") = "Meta.WitAi.Lib", "Meta.WitAi.Lib.csproj", "{A718C37D-6472-C8E9-2B6B-6C7B344E586D}"
EndProject
Project("{FAE04EC0-301F-11D3-BF4B-00C04F79EFBC}") = "Oculus.Interaction.OVR", "Oculus.Interaction.OVR.csproj", "{3506335F-5BF2-0392-3A2B-BC59CE137CEA}"
EndProject
Project("{FAE04EC0-301F-11D3-BF4B-00C04F79EFBC}") = "AssistantCoreSDKRuntime", "AssistantCoreSDKRuntime.csproj", "{6FD443F4-666B-5983-C445-3D08113AFBCC}"
EndProject
Project("{FAE04EC0-301F-11D3-BF4B-00C04F79EFBC}") = "Meta.WitAi.Conduit", "Meta.WitAi.Conduit.csproj", "{D9172156-27E6-77B1-3CC5-8DEBE31E2F40}"
EndProject
Project("{FAE04EC0-301F-11D3-BF4B-00C04F79EFBC}") = "Oculus.AudioManager", "Oculus.AudioManager.csproj", "{0769ABE0-9ED1-F21A-26B4-3444F217A740}"
EndProject
Project("{FAE04EC0-301F-11D3-BF4B-00C04F79EFBC}") = "Oculus.LipSync", "Oculus.LipSync.csproj", "{8603F10B-7F29-8A18-A8E8-32226D41A1C6}"
EndProject
Project("{FAE04EC0-301F-11D3-BF4B-00C04F79EFBC}") = "Oculus.Spatializer", "Oculus.Spatializer.csproj", "{A41C22FD-84A6-1BA4-829B-7764A63B0E68}"
EndProject
Project("{FAE04EC0-301F-11D3-BF4B-00C04F79EFBC}") = "Meta.VoiceSDK.Mic.Other", "Meta.VoiceSDK.Mic.Other.csproj", "{10C71C57-781C-8F6A-9F8C-4E3039E1BE87}"
EndProject
Project("{FAE04EC0-301F-11D3-BF4B-00C04F79EFBC}") = "Meta.VoiceSDK.Mic.Common", "Meta.VoiceSDK.Mic.Common.csproj", "{DBA33903-55CE-B576-C77F-9A21B897536F}"
EndProject
Project("{FAE04EC0-301F-11D3-BF4B-00C04F79EFBC}") = "Facebook.Wit.Dictation", "Facebook.Wit.Dictation.csproj", "{8278519E-8D1E-B1A7-3983-48ACDE894AA6}"
EndProject
Project("{FAE04EC0-301F-11D3-BF4B-00C04F79EFBC}") = "Meta.WitAi.TTS", "Meta.WitAi.TTS.csproj", "{FFFEDA77-0F1C-E61F-4B4B-154EE9749C81}"
EndProject
Project("{FAE04EC0-301F-11D3-BF4B-00C04F79EFBC}") = "Meta.WitAi.Editor", "Meta.WitAi.Editor.csproj", "{8FE7972E-2E36-5763-8BFE-A3F6184287A1}"
EndProject
Project("{FAE04EC0-301F-11D3-BF4B-00C04F79EFBC}") = "Meta.WitAI.Lib.Editor", "Meta.WitAI.Lib.Editor.csproj", "{98F4348A-9C16-3638-89FD-F1312EA71C9E}"
EndProject
Project("{FAE04EC0-301F-11D3-BF4B-00C04F79EFBC}") = "Oculus.VR.Editor", "Oculus.VR.Editor.csproj", "{C4BEA5B2-92E6-4335-1951-3FF6CCA43E72}"
EndProject
Project("{FAE04EC0-301F-11D3-BF4B-00C04F79EFBC}") = "Meta.WitAi.Conduit.Editor", "Meta.WitAi.Conduit.Editor.csproj", "{005397C9-085C-EFAB-EE41-7776BCEE1CDF}"
EndProject
Project("{FAE04EC0-301F-11D3-BF4B-00C04F79EFBC}") = "Oculus.Interaction.Editor", "Oculus.Interaction.Editor.csproj", "{C0E0B03E-689A-ADCF-C57D-CBC54C3E0A8C}"
EndProject
Project("{FAE04EC0-301F-11D3-BF4B-00C04F79EFBC}") = "Oculus.Interaction.OVR.Editor", "Oculus.Interaction.OVR.Editor.csproj", "{E5635FF0-3E82-9EDC-9344-A92DB293F33C}"
EndProject
Project("{FAE04EC0-301F-11D3-BF4B-00C04F79EFBC}") = "Assembly-CSharp-Editor", "Assembly-CSharp-Editor.csproj", "{EDE47395-DA79-A3D4-FF5E-FDFEC51690DD}"
EndProject
Project("{FAE04EC0-301F-11D3-BF4B-00C04F79EFBC}") = "Oculus.VR.Scripts.Editor", "Oculus.VR.Scripts.Editor.csproj", "{FCB9E983-356B-636E-921E-2852E71A5F83}"
EndProject
Project("{FAE04EC0-301F-11D3-BF4B-00C04F79EFBC}") = "Oculus.Spatializer.Editor", "Oculus.Spatializer.Editor.csproj", "{79C15BAA-277F-D669-10C2-3029AFB65750}"
EndProject
Project("{FAE04EC0-301F-11D3-BF4B-00C04F79EFBC}") = "Meta.WitAi.TTS.Editor", "Meta.WitAi.TTS.Editor.csproj", "{6FAF1A48-1AF7-0DB0-3A2B-661D6CEB360C}"
EndProject
Project("{FAE04EC0-301F-11D3-BF4B-00C04F79EFBC}") = "VoiceSDK.Dictation.Editor", "VoiceSDK.Dictation.Editor.csproj", "{6A78533A-7C1C-6121-09B2-2FAFD702BE4C}"
EndProject
Project("{FAE04EC0-301F-11D3-BF4B-00C04F79EFBC}") = "Oculus.Platform.Editor", "Oculus.Platform.Editor.csproj", "{6A81F750-DEFB-69AB-5D5C-583B674A351F}"
EndProject
Project("{FAE04EC0-301F-11D3-BF4B-00C04F79EFBC}") = "VoiceSDK.Editor", "VoiceSDK.Editor.csproj", "{56246C45-553D-BBE9-B31B-0516F96E0FE0}"
EndProject
Project("{FAE04EC0-301F-11D3-BF4B-00C04F79EFBC}") = "Oculus.AudioManager.Audio.Editor", "Oculus.AudioManager.Audio.Editor.csproj", "{3A19BEFF-1819-9CE7-8682-35B9A6CF6516}"
EndProject
Project("{FAE04EC0-301F-11D3-BF4B-00C04F79EFBC}") = "Oculus.LipSync.Editor", "Oculus.LipSync.Editor.csproj", "{FFF9516D-E562-5629-13C3-155A64C7F209}"
EndProject
Project("{FAE04EC0-301F-11D3-BF4B-00C04F79EFBC}") = "Oculus.AudioManager.Utils.Editor", "Oculus.AudioManager.Utils.Editor.csproj", "{A5332417-B7B5-9659-8659-C1D60E70EBDF}"
EndProject
Project("{FAE04EC0-301F-11D3-BF4B-00C04F79EFBC}") = "Oculus.Interaction.Samples.Editor", "Oculus.Interaction.Samples.Editor.csproj", "{56381A44-120A-5D08-817B-E0D8A431FA17}"
EndProject
Project("{FAE04EC0-301F-11D3-BF4B-00C04F79EFBC}") = "Facebook.Wit.Dictation.Editor", "Facebook.Wit.Dictation.Editor.csproj", "{799F491B-6961-CEAF-5778-007845399EA6}"
EndProject
Project("{FAE04EC0-301F-11D3-BF4B-00C04F79EFBC}") = "Oculus.Interaction.InterfaceSupport", "Oculus.Interaction.InterfaceSupport.csproj", "{D09D616B-BF1E-4557-E64C-B57B6E4EEAA0}"
EndProject
Project("{FAE04EC0-301F-11D3-BF4B-00C04F79EFBC}") = "AssistantCoreSDKEditor", "AssistantCoreSDKEditor.csproj", "{1948DBA3-F0B2-1E08-7DA8-5B36C968F22D}"
EndProject
Global
	GlobalSection(SolutionConfigurationPlatforms) = preSolution
		Debug|Any CPU = Debug|Any CPU
		Release|Any CPU = Release|Any CPU
	EndGlobalSection
	GlobalSection(ProjectConfigurationPlatforms) = postSolution
		{809813EA-D3BC-4CFB-3DD4-570A0D4BDCBD}.Debug|Any CPU.ActiveCfg = Debug|Any CPU
		{809813EA-D3BC-4CFB-3DD4-570A0D4BDCBD}.Debug|Any CPU.Build.0 = Debug|Any CPU
		{809813EA-D3BC-4CFB-3DD4-570A0D4BDCBD}.Release|Any CPU.ActiveCfg = Release|Any CPU
		{809813EA-D3BC-4CFB-3DD4-570A0D4BDCBD}.Release|Any CPU.Build.0 = Release|Any CPU
		{6D26141F-9321-474B-0261-1C470F9E83A0}.Debug|Any CPU.ActiveCfg = Debug|Any CPU
		{6D26141F-9321-474B-0261-1C470F9E83A0}.Debug|Any CPU.Build.0 = Debug|Any CPU
		{6D26141F-9321-474B-0261-1C470F9E83A0}.Release|Any CPU.ActiveCfg = Release|Any CPU
		{6D26141F-9321-474B-0261-1C470F9E83A0}.Release|Any CPU.Build.0 = Release|Any CPU
		{522ADAA8-DE72-8B4C-AE8A-56EAD6EE2D26}.Debug|Any CPU.ActiveCfg = Debug|Any CPU
		{522ADAA8-DE72-8B4C-AE8A-56EAD6EE2D26}.Debug|Any CPU.Build.0 = Debug|Any CPU
		{522ADAA8-DE72-8B4C-AE8A-56EAD6EE2D26}.Release|Any CPU.ActiveCfg = Release|Any CPU
		{522ADAA8-DE72-8B4C-AE8A-56EAD6EE2D26}.Release|Any CPU.Build.0 = Release|Any CPU
		{34AF9DFC-F6BC-3F0E-EA47-82A33F9CDE05}.Debug|Any CPU.ActiveCfg = Debug|Any CPU
		{34AF9DFC-F6BC-3F0E-EA47-82A33F9CDE05}.Debug|Any CPU.Build.0 = Debug|Any CPU
		{34AF9DFC-F6BC-3F0E-EA47-82A33F9CDE05}.Release|Any CPU.ActiveCfg = Release|Any CPU
		{34AF9DFC-F6BC-3F0E-EA47-82A33F9CDE05}.Release|Any CPU.Build.0 = Release|Any CPU
		{413D7B8E-5C28-C050-756F-2798E8E0720E}.Debug|Any CPU.ActiveCfg = Debug|Any CPU
		{413D7B8E-5C28-C050-756F-2798E8E0720E}.Debug|Any CPU.Build.0 = Debug|Any CPU
		{413D7B8E-5C28-C050-756F-2798E8E0720E}.Release|Any CPU.ActiveCfg = Release|Any CPU
		{413D7B8E-5C28-C050-756F-2798E8E0720E}.Release|Any CPU.Build.0 = Release|Any CPU
		{19103C65-314A-555E-DF99-19A9D82466A4}.Debug|Any CPU.ActiveCfg = Debug|Any CPU
		{19103C65-314A-555E-DF99-19A9D82466A4}.Debug|Any CPU.Build.0 = Debug|Any CPU
		{19103C65-314A-555E-DF99-19A9D82466A4}.Release|Any CPU.ActiveCfg = Release|Any CPU
		{19103C65-314A-555E-DF99-19A9D82466A4}.Release|Any CPU.Build.0 = Release|Any CPU
		{DF285E6D-40AA-2D9A-62DF-44A0B383C886}.Debug|Any CPU.ActiveCfg = Debug|Any CPU
		{DF285E6D-40AA-2D9A-62DF-44A0B383C886}.Debug|Any CPU.Build.0 = Debug|Any CPU
		{DF285E6D-40AA-2D9A-62DF-44A0B383C886}.Release|Any CPU.ActiveCfg = Release|Any CPU
		{DF285E6D-40AA-2D9A-62DF-44A0B383C886}.Release|Any CPU.Build.0 = Release|Any CPU
		{A1AFB470-71E4-5439-720F-F910DC06CFCA}.Debug|Any CPU.ActiveCfg = Debug|Any CPU
		{A1AFB470-71E4-5439-720F-F910DC06CFCA}.Debug|Any CPU.Build.0 = Debug|Any CPU
		{A1AFB470-71E4-5439-720F-F910DC06CFCA}.Release|Any CPU.ActiveCfg = Release|Any CPU
		{A1AFB470-71E4-5439-720F-F910DC06CFCA}.Release|Any CPU.Build.0 = Release|Any CPU
		{BDDE611B-5A5F-CDC4-80B4-7F30161FAD9F}.Debug|Any CPU.ActiveCfg = Debug|Any CPU
		{BDDE611B-5A5F-CDC4-80B4-7F30161FAD9F}.Debug|Any CPU.Build.0 = Debug|Any CPU
		{BDDE611B-5A5F-CDC4-80B4-7F30161FAD9F}.Release|Any CPU.ActiveCfg = Release|Any CPU
		{BDDE611B-5A5F-CDC4-80B4-7F30161FAD9F}.Release|Any CPU.Build.0 = Release|Any CPU
		{1BD6656B-02B1-2989-8C34-C6284A0E88D5}.Debug|Any CPU.ActiveCfg = Debug|Any CPU
		{1BD6656B-02B1-2989-8C34-C6284A0E88D5}.Debug|Any CPU.Build.0 = Debug|Any CPU
		{1BD6656B-02B1-2989-8C34-C6284A0E88D5}.Release|Any CPU.ActiveCfg = Release|Any CPU
		{1BD6656B-02B1-2989-8C34-C6284A0E88D5}.Release|Any CPU.Build.0 = Release|Any CPU
		{A718C37D-6472-C8E9-2B6B-6C7B344E586D}.Debug|Any CPU.ActiveCfg = Debug|Any CPU
		{A718C37D-6472-C8E9-2B6B-6C7B344E586D}.Debug|Any CPU.Build.0 = Debug|Any CPU
		{A718C37D-6472-C8E9-2B6B-6C7B344E586D}.Release|Any CPU.ActiveCfg = Release|Any CPU
		{A718C37D-6472-C8E9-2B6B-6C7B344E586D}.Release|Any CPU.Build.0 = Release|Any CPU
		{3506335F-5BF2-0392-3A2B-BC59CE137CEA}.Debug|Any CPU.ActiveCfg = Debug|Any CPU
		{3506335F-5BF2-0392-3A2B-BC59CE137CEA}.Debug|Any CPU.Build.0 = Debug|Any CPU
		{3506335F-5BF2-0392-3A2B-BC59CE137CEA}.Release|Any CPU.ActiveCfg = Release|Any CPU
		{3506335F-5BF2-0392-3A2B-BC59CE137CEA}.Release|Any CPU.Build.0 = Release|Any CPU
		{6FD443F4-666B-5983-C445-3D08113AFBCC}.Debug|Any CPU.ActiveCfg = Debug|Any CPU
		{6FD443F4-666B-5983-C445-3D08113AFBCC}.Debug|Any CPU.Build.0 = Debug|Any CPU
		{6FD443F4-666B-5983-C445-3D08113AFBCC}.Release|Any CPU.ActiveCfg = Release|Any CPU
		{6FD443F4-666B-5983-C445-3D08113AFBCC}.Release|Any CPU.Build.0 = Release|Any CPU
		{D9172156-27E6-77B1-3CC5-8DEBE31E2F40}.Debug|Any CPU.ActiveCfg = Debug|Any CPU
		{D9172156-27E6-77B1-3CC5-8DEBE31E2F40}.Debug|Any CPU.Build.0 = Debug|Any CPU
		{D9172156-27E6-77B1-3CC5-8DEBE31E2F40}.Release|Any CPU.ActiveCfg = Release|Any CPU
		{D9172156-27E6-77B1-3CC5-8DEBE31E2F40}.Release|Any CPU.Build.0 = Release|Any CPU
		{0769ABE0-9ED1-F21A-26B4-3444F217A740}.Debug|Any CPU.ActiveCfg = Debug|Any CPU
		{0769ABE0-9ED1-F21A-26B4-3444F217A740}.Debug|Any CPU.Build.0 = Debug|Any CPU
		{0769ABE0-9ED1-F21A-26B4-3444F217A740}.Release|Any CPU.ActiveCfg = Release|Any CPU
		{0769ABE0-9ED1-F21A-26B4-3444F217A740}.Release|Any CPU.Build.0 = Release|Any CPU
		{8603F10B-7F29-8A18-A8E8-32226D41A1C6}.Debug|Any CPU.ActiveCfg = Debug|Any CPU
		{8603F10B-7F29-8A18-A8E8-32226D41A1C6}.Debug|Any CPU.Build.0 = Debug|Any CPU
		{8603F10B-7F29-8A18-A8E8-32226D41A1C6}.Release|Any CPU.ActiveCfg = Release|Any CPU
		{8603F10B-7F29-8A18-A8E8-32226D41A1C6}.Release|Any CPU.Build.0 = Release|Any CPU
		{A41C22FD-84A6-1BA4-829B-7764A63B0E68}.Debug|Any CPU.ActiveCfg = Debug|Any CPU
		{A41C22FD-84A6-1BA4-829B-7764A63B0E68}.Debug|Any CPU.Build.0 = Debug|Any CPU
		{A41C22FD-84A6-1BA4-829B-7764A63B0E68}.Release|Any CPU.ActiveCfg = Release|Any CPU
		{A41C22FD-84A6-1BA4-829B-7764A63B0E68}.Release|Any CPU.Build.0 = Release|Any CPU
		{10C71C57-781C-8F6A-9F8C-4E3039E1BE87}.Debug|Any CPU.ActiveCfg = Debug|Any CPU
		{10C71C57-781C-8F6A-9F8C-4E3039E1BE87}.Debug|Any CPU.Build.0 = Debug|Any CPU
		{10C71C57-781C-8F6A-9F8C-4E3039E1BE87}.Release|Any CPU.ActiveCfg = Release|Any CPU
		{10C71C57-781C-8F6A-9F8C-4E3039E1BE87}.Release|Any CPU.Build.0 = Release|Any CPU
		{DBA33903-55CE-B576-C77F-9A21B897536F}.Debug|Any CPU.ActiveCfg = Debug|Any CPU
		{DBA33903-55CE-B576-C77F-9A21B897536F}.Debug|Any CPU.Build.0 = Debug|Any CPU
		{DBA33903-55CE-B576-C77F-9A21B897536F}.Release|Any CPU.ActiveCfg = Release|Any CPU
		{DBA33903-55CE-B576-C77F-9A21B897536F}.Release|Any CPU.Build.0 = Release|Any CPU
		{8278519E-8D1E-B1A7-3983-48ACDE894AA6}.Debug|Any CPU.ActiveCfg = Debug|Any CPU
		{8278519E-8D1E-B1A7-3983-48ACDE894AA6}.Debug|Any CPU.Build.0 = Debug|Any CPU
		{8278519E-8D1E-B1A7-3983-48ACDE894AA6}.Release|Any CPU.ActiveCfg = Release|Any CPU
		{8278519E-8D1E-B1A7-3983-48ACDE894AA6}.Release|Any CPU.Build.0 = Release|Any CPU
		{FFFEDA77-0F1C-E61F-4B4B-154EE9749C81}.Debug|Any CPU.ActiveCfg = Debug|Any CPU
		{FFFEDA77-0F1C-E61F-4B4B-154EE9749C81}.Debug|Any CPU.Build.0 = Debug|Any CPU
		{FFFEDA77-0F1C-E61F-4B4B-154EE9749C81}.Release|Any CPU.ActiveCfg = Release|Any CPU
		{FFFEDA77-0F1C-E61F-4B4B-154EE9749C81}.Release|Any CPU.Build.0 = Release|Any CPU
		{8FE7972E-2E36-5763-8BFE-A3F6184287A1}.Debug|Any CPU.ActiveCfg = Debug|Any CPU
		{8FE7972E-2E36-5763-8BFE-A3F6184287A1}.Debug|Any CPU.Build.0 = Debug|Any CPU
		{8FE7972E-2E36-5763-8BFE-A3F6184287A1}.Release|Any CPU.ActiveCfg = Release|Any CPU
		{8FE7972E-2E36-5763-8BFE-A3F6184287A1}.Release|Any CPU.Build.0 = Release|Any CPU
		{98F4348A-9C16-3638-89FD-F1312EA71C9E}.Debug|Any CPU.ActiveCfg = Debug|Any CPU
		{98F4348A-9C16-3638-89FD-F1312EA71C9E}.Debug|Any CPU.Build.0 = Debug|Any CPU
		{98F4348A-9C16-3638-89FD-F1312EA71C9E}.Release|Any CPU.ActiveCfg = Release|Any CPU
		{98F4348A-9C16-3638-89FD-F1312EA71C9E}.Release|Any CPU.Build.0 = Release|Any CPU
		{C4BEA5B2-92E6-4335-1951-3FF6CCA43E72}.Debug|Any CPU.ActiveCfg = Debug|Any CPU
		{C4BEA5B2-92E6-4335-1951-3FF6CCA43E72}.Debug|Any CPU.Build.0 = Debug|Any CPU
		{C4BEA5B2-92E6-4335-1951-3FF6CCA43E72}.Release|Any CPU.ActiveCfg = Release|Any CPU
		{C4BEA5B2-92E6-4335-1951-3FF6CCA43E72}.Release|Any CPU.Build.0 = Release|Any CPU
		{005397C9-085C-EFAB-EE41-7776BCEE1CDF}.Debug|Any CPU.ActiveCfg = Debug|Any CPU
		{005397C9-085C-EFAB-EE41-7776BCEE1CDF}.Debug|Any CPU.Build.0 = Debug|Any CPU
		{005397C9-085C-EFAB-EE41-7776BCEE1CDF}.Release|Any CPU.ActiveCfg = Release|Any CPU
		{005397C9-085C-EFAB-EE41-7776BCEE1CDF}.Release|Any CPU.Build.0 = Release|Any CPU
		{C0E0B03E-689A-ADCF-C57D-CBC54C3E0A8C}.Debug|Any CPU.ActiveCfg = Debug|Any CPU
		{C0E0B03E-689A-ADCF-C57D-CBC54C3E0A8C}.Debug|Any CPU.Build.0 = Debug|Any CPU
		{C0E0B03E-689A-ADCF-C57D-CBC54C3E0A8C}.Release|Any CPU.ActiveCfg = Release|Any CPU
		{C0E0B03E-689A-ADCF-C57D-CBC54C3E0A8C}.Release|Any CPU.Build.0 = Release|Any CPU
		{E5635FF0-3E82-9EDC-9344-A92DB293F33C}.Debug|Any CPU.ActiveCfg = Debug|Any CPU
		{E5635FF0-3E82-9EDC-9344-A92DB293F33C}.Debug|Any CPU.Build.0 = Debug|Any CPU
		{E5635FF0-3E82-9EDC-9344-A92DB293F33C}.Release|Any CPU.ActiveCfg = Release|Any CPU
		{E5635FF0-3E82-9EDC-9344-A92DB293F33C}.Release|Any CPU.Build.0 = Release|Any CPU
		{EDE47395-DA79-A3D4-FF5E-FDFEC51690DD}.Debug|Any CPU.ActiveCfg = Debug|Any CPU
		{EDE47395-DA79-A3D4-FF5E-FDFEC51690DD}.Debug|Any CPU.Build.0 = Debug|Any CPU
		{EDE47395-DA79-A3D4-FF5E-FDFEC51690DD}.Release|Any CPU.ActiveCfg = Release|Any CPU
		{EDE47395-DA79-A3D4-FF5E-FDFEC51690DD}.Release|Any CPU.Build.0 = Release|Any CPU
		{FCB9E983-356B-636E-921E-2852E71A5F83}.Debug|Any CPU.ActiveCfg = Debug|Any CPU
		{FCB9E983-356B-636E-921E-2852E71A5F83}.Debug|Any CPU.Build.0 = Debug|Any CPU
		{FCB9E983-356B-636E-921E-2852E71A5F83}.Release|Any CPU.ActiveCfg = Release|Any CPU
		{FCB9E983-356B-636E-921E-2852E71A5F83}.Release|Any CPU.Build.0 = Release|Any CPU
		{79C15BAA-277F-D669-10C2-3029AFB65750}.Debug|Any CPU.ActiveCfg = Debug|Any CPU
		{79C15BAA-277F-D669-10C2-3029AFB65750}.Debug|Any CPU.Build.0 = Debug|Any CPU
		{79C15BAA-277F-D669-10C2-3029AFB65750}.Release|Any CPU.ActiveCfg = Release|Any CPU
		{79C15BAA-277F-D669-10C2-3029AFB65750}.Release|Any CPU.Build.0 = Release|Any CPU
		{6FAF1A48-1AF7-0DB0-3A2B-661D6CEB360C}.Debug|Any CPU.ActiveCfg = Debug|Any CPU
		{6FAF1A48-1AF7-0DB0-3A2B-661D6CEB360C}.Debug|Any CPU.Build.0 = Debug|Any CPU
		{6FAF1A48-1AF7-0DB0-3A2B-661D6CEB360C}.Release|Any CPU.ActiveCfg = Release|Any CPU
		{6FAF1A48-1AF7-0DB0-3A2B-661D6CEB360C}.Release|Any CPU.Build.0 = Release|Any CPU
		{6A78533A-7C1C-6121-09B2-2FAFD702BE4C}.Debug|Any CPU.ActiveCfg = Debug|Any CPU
		{6A78533A-7C1C-6121-09B2-2FAFD702BE4C}.Debug|Any CPU.Build.0 = Debug|Any CPU
		{6A78533A-7C1C-6121-09B2-2FAFD702BE4C}.Release|Any CPU.ActiveCfg = Release|Any CPU
		{6A78533A-7C1C-6121-09B2-2FAFD702BE4C}.Release|Any CPU.Build.0 = Release|Any CPU
		{6A81F750-DEFB-69AB-5D5C-583B674A351F}.Debug|Any CPU.ActiveCfg = Debug|Any CPU
		{6A81F750-DEFB-69AB-5D5C-583B674A351F}.Debug|Any CPU.Build.0 = Debug|Any CPU
		{6A81F750-DEFB-69AB-5D5C-583B674A351F}.Release|Any CPU.ActiveCfg = Release|Any CPU
		{6A81F750-DEFB-69AB-5D5C-583B674A351F}.Release|Any CPU.Build.0 = Release|Any CPU
		{56246C45-553D-BBE9-B31B-0516F96E0FE0}.Debug|Any CPU.ActiveCfg = Debug|Any CPU
		{56246C45-553D-BBE9-B31B-0516F96E0FE0}.Debug|Any CPU.Build.0 = Debug|Any CPU
		{56246C45-553D-BBE9-B31B-0516F96E0FE0}.Release|Any CPU.ActiveCfg = Release|Any CPU
		{56246C45-553D-BBE9-B31B-0516F96E0FE0}.Release|Any CPU.Build.0 = Release|Any CPU
		{3A19BEFF-1819-9CE7-8682-35B9A6CF6516}.Debug|Any CPU.ActiveCfg = Debug|Any CPU
		{3A19BEFF-1819-9CE7-8682-35B9A6CF6516}.Debug|Any CPU.Build.0 = Debug|Any CPU
		{3A19BEFF-1819-9CE7-8682-35B9A6CF6516}.Release|Any CPU.ActiveCfg = Release|Any CPU
		{3A19BEFF-1819-9CE7-8682-35B9A6CF6516}.Release|Any CPU.Build.0 = Release|Any CPU
		{FFF9516D-E562-5629-13C3-155A64C7F209}.Debug|Any CPU.ActiveCfg = Debug|Any CPU
		{FFF9516D-E562-5629-13C3-155A64C7F209}.Debug|Any CPU.Build.0 = Debug|Any CPU
		{FFF9516D-E562-5629-13C3-155A64C7F209}.Release|Any CPU.ActiveCfg = Release|Any CPU
		{FFF9516D-E562-5629-13C3-155A64C7F209}.Release|Any CPU.Build.0 = Release|Any CPU
		{A5332417-B7B5-9659-8659-C1D60E70EBDF}.Debug|Any CPU.ActiveCfg = Debug|Any CPU
		{A5332417-B7B5-9659-8659-C1D60E70EBDF}.Debug|Any CPU.Build.0 = Debug|Any CPU
		{A5332417-B7B5-9659-8659-C1D60E70EBDF}.Release|Any CPU.ActiveCfg = Release|Any CPU
		{A5332417-B7B5-9659-8659-C1D60E70EBDF}.Release|Any CPU.Build.0 = Release|Any CPU
		{56381A44-120A-5D08-817B-E0D8A431FA17}.Debug|Any CPU.ActiveCfg = Debug|Any CPU
		{56381A44-120A-5D08-817B-E0D8A431FA17}.Debug|Any CPU.Build.0 = Debug|Any CPU
		{56381A44-120A-5D08-817B-E0D8A431FA17}.Release|Any CPU.ActiveCfg = Release|Any CPU
		{56381A44-120A-5D08-817B-E0D8A431FA17}.Release|Any CPU.Build.0 = Release|Any CPU
		{799F491B-6961-CEAF-5778-007845399EA6}.Debug|Any CPU.ActiveCfg = Debug|Any CPU
		{799F491B-6961-CEAF-5778-007845399EA6}.Debug|Any CPU.Build.0 = Debug|Any CPU
		{799F491B-6961-CEAF-5778-007845399EA6}.Release|Any CPU.ActiveCfg = Release|Any CPU
		{799F491B-6961-CEAF-5778-007845399EA6}.Release|Any CPU.Build.0 = Release|Any CPU
		{D09D616B-BF1E-4557-E64C-B57B6E4EEAA0}.Debug|Any CPU.ActiveCfg = Debug|Any CPU
		{D09D616B-BF1E-4557-E64C-B57B6E4EEAA0}.Debug|Any CPU.Build.0 = Debug|Any CPU
		{D09D616B-BF1E-4557-E64C-B57B6E4EEAA0}.Release|Any CPU.ActiveCfg = Release|Any CPU
		{D09D616B-BF1E-4557-E64C-B57B6E4EEAA0}.Release|Any CPU.Build.0 = Release|Any CPU
		{1948DBA3-F0B2-1E08-7DA8-5B36C968F22D}.Debug|Any CPU.ActiveCfg = Debug|Any CPU
		{1948DBA3-F0B2-1E08-7DA8-5B36C968F22D}.Debug|Any CPU.Build.0 = Debug|Any CPU
		{1948DBA3-F0B2-1E08-7DA8-5B36C968F22D}.Release|Any CPU.ActiveCfg = Release|Any CPU
		{1948DBA3-F0B2-1E08-7DA8-5B36C968F22D}.Release|Any CPU.Build.0 = Release|Any CPU
	EndGlobalSection
	GlobalSection(SolutionProperties) = preSolution
		HideSolutionNode = FALSE
	EndGlobalSection
EndGlobal
